<?xml version="1.0" encoding="utf-8"?>
<Project ToolsVersion="4.0" xmlns="http://schemas.microsoft.com/developer/msbuild/2003">
  <ItemGroup>
    <Filter Include="Source Files">
      <UniqueIdentifier>{63c8e609-f6d3-4c3f-981b-3ae41a916623}</UniqueIdentifier>
      <Extensions>cpp;c;cxx;rc;def;r;odl;idl;hpj;bat</Extensions>
    </Filter>
    <Filter Include="Header Files">
      <UniqueIdentifier>{2701ed69-5d5c-4a84-89b2-728eb33ac37f}</UniqueIdentifier>
      <Extensions>h;hpp;hxx;hm;inl</Extensions>
    </Filter>
    <Filter Include="Resource Files">
      <UniqueIdentifier>{70dc17fd-7f6d-4ede-b053-ee546132a54a}</UniqueIdentifier>
      <Extensions>ico;cur;bmp;dlg;rc2;rct;bin;rgs;gif;jpg;jpeg;jpe</Extensions>
    </Filter>
  </ItemGroup>
  <ItemGroup>
    <ClCompile Include="DebugUDP.cpp">
      <Filter>Source Files</Filter>
    </ClCompile>
    <ClCompile Include="EComboBox.cpp">
      <Filter>Source Files</Filter>
    </ClCompile>
    <ClCompile Include="EStatusBar.cpp">
      <Filter>Source Files</Filter>
    </ClCompile>
    <ClCompile Include="EToolBar.cpp">
      <Filter>Source Files</Filter>
    </ClCompile>
    <ClCompile Include="MainFrm.cpp">
      <Filter>Source Files</Filter>
    </ClCompile>
    <ClCompile Include="StdAfx.cpp">
      <Filter>Source Files</Filter>
    </ClCompile>
    <ClCompile Include="TerapicoOptionDialog.cpp">
      <Filter>Source Files</Filter>
    </ClCompile>
    <ClCompile Include="UTest2.cpp">
      <Filter>Source Files</Filter>
    </ClCompile>
    <ClCompile Include="UTest2Doc.cpp">
      <Filter>Source Files</Filter>
    </ClCompile>
    <ClCompile Include="UTest2View.cpp">
      <Filter>Source Files</Filter>
    </ClCompile>
  </ItemGroup>
  <ItemGroup>
    <ResourceCompile Include="UTest2.rc">
      <Filter>Source Files</Filter>
    </ResourceCompile>
  </ItemGroup>
  <ItemGroup>
    <ClInclude Include="DebugUDP.h">
      <Filter>Header Files</Filter>
    </ClInclude>
    <ClInclude Include="EComboBox.h">
      <Filter>Header Files</Filter>
    </ClInclude>
    <ClInclude Include="EStatusBar.h">
      <Filter>Header Files</Filter>
    </ClInclude>
    <ClInclude Include="EToolBar.h">
      <Filter>Header Files</Filter>
    </ClInclude>
    <ClInclude Include="MainFrm.h">
      <Filter>Header Files</Filter>
    </ClInclude>
    <ClInclude Include="Resource.h">
      <Filter>Header Files</Filter>
    </ClInclude>
    <ClInclude Include="StdAfx.h">
      <Filter>Header Files</Filter>
    </ClInclude>
    <ClInclude Include="TerapicoOptionDialog.h">
      <Filter>Header Files</Filter>
    </ClInclude>
    <ClInclude Include="UTest2.h">
      <Filter>Header Files</Filter>
    </ClInclude>
    <ClInclude Include="UTest2Doc.h">
      <Filter>Header Files</Filter>
    </ClInclude>
    <ClInclude Include="UTest2View.h">
      <Filter>Header Files</Filter>
    </ClInclude>
  </ItemGroup>
  <ItemGroup>
    <Image Include="res\Toolbar.bmp">
      <Filter>Resource Files</Filter>
    </Image>
    <Image Include="res\UTest2.ico">
      <Filter>Resource Files</Filter>
    </Image>
    <Image Include="res\UTest2Doc.ico">
      <Filter>Resource Files</Filter>
    </Image>
  </ItemGroup>
  <ItemGroup>
    <Text Include="ReadMe.txt" />
  </ItemGroup>
  <ItemGroup>
    <CustomBuild Include="res\UTest2.rc2">
      <Filter>Resource Files</Filter>
    </CustomBuild>
  </ItemGroup>
</Project>